
Microsoft Visual Studio Solution File, Format Version 12.00
# Visual Studio 15
VisualStudioVersion = 15.0.28307.572
MinimumVisualStudioVersion = 10.0.40219.1
Project("{FAE04EC0-301F-11D3-BF4B-00C04F79EFBC}") = "DocAppointment", "DocAppointment\DocAppointment.csproj", "{639385C6-E3AB-43CD-BB24-DE9794713A62}"
EndProject
Global
	GlobalSection(SolutionConfigurationPlatforms) = preSolution
		Debug|Any CPU = Debug|Any CPU
		Release|Any CPU = Release|Any CPU
		Testing|Any CPU = Testing|Any CPU
	EndGlobalSection
	GlobalSection(ProjectConfigurationPlatforms) = postSolution
		{639385C6-E3AB-43CD-BB24-DE9794713A62}.Debug|Any CPU.ActiveCfg = Debug|Any CPU
		{639385C6-E3AB-43CD-BB24-DE9794713A62}.Debug|Any CPU.Build.0 = Debug|Any CPU
		{639385C6-E3AB-43CD-BB24-DE9794713A62}.Release|Any CPU.ActiveCfg = Release|Any CPU
		{639385C6-E3AB-43CD-BB24-DE9794713A62}.Release|Any CPU.Build.0 = Release|Any CPU
		{639385C6-E3AB-43CD-BB24-DE9794713A62}.Testing|Any CPU.ActiveCfg = Testing|Any CPU
		{639385C6-E3AB-43CD-BB24-DE9794713A62}.Testing|Any CPU.Build.0 = Testing|Any CPU
	EndGlobalSection
	GlobalSection(SolutionProperties) = preSolution
		HideSolutionNode = FALSE
	EndGlobalSection
	GlobalSection(ExtensibilityGlobals) = postSolution
		SolutionGuid = {AFD4EA1D-CE85-46B8-A91E-502DB158CECE}
	EndGlobalSection
EndGlobal
